{
  "name": "has-bytes",
  "version": "0.0.0",
  "lockfileVersion": 1,
  "requires": true,
  "dependencies": {
    "has-subarrays": {
      "version": "0.0.1",
      "resolved": "https://registry.npmjs.org/has-subarrays/-/has-subarrays-0.0.1.tgz",
      "integrity": "sha512-Vp2/MI0l94Q1dy858puVk8I3+189dlW3B4aPT4r4TuiG5iOhKOSGq1mRBZTai1AvvVSnKYtYTntl8QmjhJln1w=="
    }
  }
}
